
Microsoft Visual Studio Solution File, Format Version 12.00
# Visual Studio Version 16
VisualStudioVersion = 16.0.30114.105
MinimumVisualStudioVersion = 10.0.40219.1
Project("{2150E333-8FDC-42A3-9474-1A3956D46DE8}") = "Api", "Api", "{22F5A77F-4E73-4F68-87A2-67403506F662}"
EndProject
Project("{2150E333-8FDC-42A3-9474-1A3956D46DE8}") = "Contracts", "Contracts", "{3987F11D-8E36-467A-866E-D2A9886AF0E5}"
EndProject
Project("{2150E333-8FDC-42A3-9474-1A3956D46DE8}") = "DataContracts", "DataContracts", "{5097918B-83AD-4F7F-AABB-F65B1CB843C9}"
EndProject
Project("{2150E333-8FDC-42A3-9474-1A3956D46DE8}") = "ServiceContracts", "ServiceContracts", "{9CA75D04-98AE-4692-9DAD-6E6F1EA86C29}"
EndProject
Project("{2150E333-8FDC-42A3-9474-1A3956D46DE8}") = "Domain", "Domain", "{156875DC-0802-42FC-A4A9-B36B6D4EBBFF}"
EndProject
Project("{2150E333-8FDC-42A3-9474-1A3956D46DE8}") = "Services", "Services", "{2D7F8094-7C51-4F16-9D13-4E33825F0519}"
EndProject
Project("{2150E333-8FDC-42A3-9474-1A3956D46DE8}") = "Models", "Models", "{5D2F10E3-06EF-4B0E-AF57-F3331BE66BE3}"
EndProject
Project("{2150E333-8FDC-42A3-9474-1A3956D46DE8}") = "Tests", "Tests", "{02ACBBF0-6120-4A50-AD2E-8CAA3E89E804}"
EndProject
Project("{2150E333-8FDC-42A3-9474-1A3956D46DE8}") = "Persistence", "Persistence", "{12DEC363-7517-466F-A38B-251DCF4EB11B}"
EndProject
Project("{9A19103F-16F7-4668-BE54-9A1E7A4F7556}") = "SchedulerDataContract", "SchedulerDataContract\SchedulerDataContract.csproj", "{509E8A44-400F-45A5-844B-7A723A8624B0}"
EndProject
Project("{9A19103F-16F7-4668-BE54-9A1E7A4F7556}") = "SchedulerServiceContract", "SchedulerServiceContract\SchedulerServiceContract.csproj", "{EB65265A-6574-41C3-A3A3-18E66CC418C2}"
EndProject
Project("{9A19103F-16F7-4668-BE54-9A1E7A4F7556}") = "SchedulerServices", "SchedulerService\SchedulerServices.csproj", "{5546F9FA-DBE4-413E-9580-A3E30977DE37}"
EndProject
Project("{9A19103F-16F7-4668-BE54-9A1E7A4F7556}") = "SchedulerDomainModels", "SchedulerDomainModels\SchedulerDomainModels.csproj", "{63058EA4-EC1D-4F9E-A36C-5572A0C5067C}"
EndProject
Project("{00D1A9C2-B5F0-4AF3-8072-F6C62B433612}") = "EventScheduler", "EventScheduler\EventScheduler.sqlproj", "{B3A73913-A397-4FC0-A76A-F98F9F654211}"
EndProject
Project("{9A19103F-16F7-4668-BE54-9A1E7A4F7556}") = "SchedulingService", "SchedulingService\SchedulingService.csproj", "{482E1CC4-B459-4666-8B01-6294DFBBA7A2}"
EndProject
Project("{FAE04EC0-301F-11D3-BF4B-00C04F79EFBC}") = "DataAccess", "DataAccess\DataAccess.csproj", "{911FC0B6-C359-4A15-B1D0-C860BA6B2E46}"
EndProject
Global
	GlobalSection(SolutionConfigurationPlatforms) = preSolution
		Debug|Any CPU = Debug|Any CPU
		Release|Any CPU = Release|Any CPU
	EndGlobalSection
	GlobalSection(ProjectConfigurationPlatforms) = postSolution
		{509E8A44-400F-45A5-844B-7A723A8624B0}.Debug|Any CPU.ActiveCfg = Debug|Any CPU
		{509E8A44-400F-45A5-844B-7A723A8624B0}.Debug|Any CPU.Build.0 = Debug|Any CPU
		{509E8A44-400F-45A5-844B-7A723A8624B0}.Release|Any CPU.ActiveCfg = Release|Any CPU
		{509E8A44-400F-45A5-844B-7A723A8624B0}.Release|Any CPU.Build.0 = Release|Any CPU
		{EB65265A-6574-41C3-A3A3-18E66CC418C2}.Debug|Any CPU.ActiveCfg = Debug|Any CPU
		{EB65265A-6574-41C3-A3A3-18E66CC418C2}.Debug|Any CPU.Build.0 = Debug|Any CPU
		{EB65265A-6574-41C3-A3A3-18E66CC418C2}.Release|Any CPU.ActiveCfg = Release|Any CPU
		{EB65265A-6574-41C3-A3A3-18E66CC418C2}.Release|Any CPU.Build.0 = Release|Any CPU
		{5546F9FA-DBE4-413E-9580-A3E30977DE37}.Debug|Any CPU.ActiveCfg = Debug|Any CPU
		{5546F9FA-DBE4-413E-9580-A3E30977DE37}.Debug|Any CPU.Build.0 = Debug|Any CPU
		{5546F9FA-DBE4-413E-9580-A3E30977DE37}.Release|Any CPU.ActiveCfg = Release|Any CPU
		{5546F9FA-DBE4-413E-9580-A3E30977DE37}.Release|Any CPU.Build.0 = Release|Any CPU
		{63058EA4-EC1D-4F9E-A36C-5572A0C5067C}.Debug|Any CPU.ActiveCfg = Debug|Any CPU
		{63058EA4-EC1D-4F9E-A36C-5572A0C5067C}.Debug|Any CPU.Build.0 = Debug|Any CPU
		{63058EA4-EC1D-4F9E-A36C-5572A0C5067C}.Release|Any CPU.ActiveCfg = Release|Any CPU
		{63058EA4-EC1D-4F9E-A36C-5572A0C5067C}.Release|Any CPU.Build.0 = Release|Any CPU
		{B3A73913-A397-4FC0-A76A-F98F9F654211}.Debug|Any CPU.ActiveCfg = Debug|Any CPU
		{B3A73913-A397-4FC0-A76A-F98F9F654211}.Debug|Any CPU.Build.0 = Debug|Any CPU
		{B3A73913-A397-4FC0-A76A-F98F9F654211}.Debug|Any CPU.Deploy.0 = Debug|Any CPU
		{B3A73913-A397-4FC0-A76A-F98F9F654211}.Release|Any CPU.ActiveCfg = Release|Any CPU
		{B3A73913-A397-4FC0-A76A-F98F9F654211}.Release|Any CPU.Build.0 = Release|Any CPU
		{B3A73913-A397-4FC0-A76A-F98F9F654211}.Release|Any CPU.Deploy.0 = Release|Any CPU
		{482E1CC4-B459-4666-8B01-6294DFBBA7A2}.Debug|Any CPU.ActiveCfg = Debug|Any CPU
		{482E1CC4-B459-4666-8B01-6294DFBBA7A2}.Debug|Any CPU.Build.0 = Debug|Any CPU
		{482E1CC4-B459-4666-8B01-6294DFBBA7A2}.Release|Any CPU.ActiveCfg = Release|Any CPU
		{482E1CC4-B459-4666-8B01-6294DFBBA7A2}.Release|Any CPU.Build.0 = Release|Any CPU
		{911FC0B6-C359-4A15-B1D0-C860BA6B2E46}.Debug|Any CPU.ActiveCfg = Debug|Any CPU
		{911FC0B6-C359-4A15-B1D0-C860BA6B2E46}.Debug|Any CPU.Build.0 = Debug|Any CPU
		{911FC0B6-C359-4A15-B1D0-C860BA6B2E46}.Release|Any CPU.ActiveCfg = Release|Any CPU
		{911FC0B6-C359-4A15-B1D0-C860BA6B2E46}.Release|Any CPU.Build.0 = Release|Any CPU
	EndGlobalSection
	GlobalSection(SolutionProperties) = preSolution
		HideSolutionNode = FALSE
	EndGlobalSection
	GlobalSection(NestedProjects) = preSolution
		{5097918B-83AD-4F7F-AABB-F65B1CB843C9} = {3987F11D-8E36-467A-866E-D2A9886AF0E5}
		{9CA75D04-98AE-4692-9DAD-6E6F1EA86C29} = {3987F11D-8E36-467A-866E-D2A9886AF0E5}
		{2D7F8094-7C51-4F16-9D13-4E33825F0519} = {156875DC-0802-42FC-A4A9-B36B6D4EBBFF}
		{5D2F10E3-06EF-4B0E-AF57-F3331BE66BE3} = {156875DC-0802-42FC-A4A9-B36B6D4EBBFF}
		{509E8A44-400F-45A5-844B-7A723A8624B0} = {5097918B-83AD-4F7F-AABB-F65B1CB843C9}
		{EB65265A-6574-41C3-A3A3-18E66CC418C2} = {9CA75D04-98AE-4692-9DAD-6E6F1EA86C29}
		{5546F9FA-DBE4-413E-9580-A3E30977DE37} = {2D7F8094-7C51-4F16-9D13-4E33825F0519}
		{63058EA4-EC1D-4F9E-A36C-5572A0C5067C} = {5D2F10E3-06EF-4B0E-AF57-F3331BE66BE3}
		{482E1CC4-B459-4666-8B01-6294DFBBA7A2} = {22F5A77F-4E73-4F68-87A2-67403506F662}
		{911FC0B6-C359-4A15-B1D0-C860BA6B2E46} = {12DEC363-7517-466F-A38B-251DCF4EB11B}
	EndGlobalSection
	GlobalSection(ExtensibilityGlobals) = postSolution
		SolutionGuid = {5DAB058A-1EEF-4627-BE89-248F17D2EFB2}
	EndGlobalSection
EndGlobal
